github.com/avanha/pmaas-common v0.0.2 h1:av0dwRiNvJ13ETosInPjwy35RQ1YU2xbjAMhttBGpzY=
github.com/avanha/pmaas-common v0.0.2/go.mod h1:ll3Wm/PB8AnkQjBbw9eqmhm0xt/sojeDH1oPAvuFAPg=
github.com/avanha/pmaas-spi v0.0.7 h1:FLDxiriVJgldN8CkzLkH8NwcIvuCwkzlfcwXHUSWBVg=
github.com/avanha/pmaas-spi v0.0.7/go.mod h1:s5lvpACv61x3H+IimuuK3X/fUtyI5qGKBZDcpIt060o=
